
Microsoft Visual Studio Solution File, Format Version 12.00
# Visual Studio Version 17
VisualStudioVersion = 17.13.35919.96 d17.13
MinimumVisualStudioVersion = 10.0.40219.1
Project("{FAE04EC0-301F-11D3-BF4B-00C04F79EFBC}") = "ConditionStatementHWSwitch", "ConditionStatementHWSwitch\ConditionStatementHWSwitch.csproj", "{1861C3C8-F304-4C60-ABFE-BAE582F2442E}"
EndProject
Global
	GlobalSection(SolutionConfigurationPlatforms) = preSolution
		Debug|Any CPU = Debug|Any CPU
		Release|Any CPU = Release|Any CPU
	EndGlobalSection
	GlobalSection(ProjectConfigurationPlatforms) = postSolution
		{1861C3C8-F304-4C60-ABFE-BAE582F2442E}.Debug|Any CPU.ActiveCfg = Debug|Any CPU
		{1861C3C8-F304-4C60-ABFE-BAE582F2442E}.Debug|Any CPU.Build.0 = Debug|Any CPU
		{1861C3C8-F304-4C60-ABFE-BAE582F2442E}.Release|Any CPU.ActiveCfg = Release|Any CPU
		{1861C3C8-F304-4C60-ABFE-BAE582F2442E}.Release|Any CPU.Build.0 = Release|Any CPU
	EndGlobalSection
	GlobalSection(SolutionProperties) = preSolution
		HideSolutionNode = FALSE
	EndGlobalSection
	GlobalSection(ExtensibilityGlobals) = postSolution
		SolutionGuid = {02D5CBF9-C11A-4D70-AD4A-07C45F58E496}
	EndGlobalSection
EndGlobal
